
Microsoft Visual Studio Solution File, Format Version 12.00
# Visual Studio 15
VisualStudioVersion = 15.0.27703.2000
MinimumVisualStudioVersion = 10.0.40219.1
Project("{888888A0-9F3D-457C-B088-3A5042F75D52}") = "examdate", "examdate\examdate.pyproj", "{51905D6D-6D6C-4373-9CFB-9A84DF27F7AD}"
EndProject
Global
	GlobalSection(SolutionConfigurationPlatforms) = preSolution
		Debug|Any CPU = Debug|Any CPU
		Release|Any CPU = Release|Any CPU
	EndGlobalSection
	GlobalSection(ProjectConfigurationPlatforms) = postSolution
		{51905D6D-6D6C-4373-9CFB-9A84DF27F7AD}.Debug|Any CPU.ActiveCfg = Debug|Any CPU
		{51905D6D-6D6C-4373-9CFB-9A84DF27F7AD}.Release|Any CPU.ActiveCfg = Release|Any CPU
	EndGlobalSection
	GlobalSection(SolutionProperties) = preSolution
		HideSolutionNode = FALSE
	EndGlobalSection
	GlobalSection(ExtensibilityGlobals) = postSolution
		SolutionGuid = {EBD1CAED-8EEE-45D9-9DAF-1192AD6C5EC7}
	EndGlobalSection
EndGlobal
